
Microsoft Visual Studio Solution File, Format Version 12.00
# Visual Studio 15
VisualStudioVersion = 15.0.26730.15
MinimumVisualStudioVersion = 10.0.40219.1
Project("{FAE04EC0-301F-11D3-BF4B-00C04F79EFBC}") = "DataStructures", "ConsoleApp1\DataStructures.csproj", "{D5CC4D66-334D-4B42-A725-D26B8785C925}"
EndProject
Global
	GlobalSection(SolutionConfigurationPlatforms) = preSolution
		Debug|Any CPU = Debug|Any CPU
		Release|Any CPU = Release|Any CPU
	EndGlobalSection
	GlobalSection(ProjectConfigurationPlatforms) = postSolution
		{D5CC4D66-334D-4B42-A725-D26B8785C925}.Debug|Any CPU.ActiveCfg = Debug|Any CPU
		{D5CC4D66-334D-4B42-A725-D26B8785C925}.Debug|Any CPU.Build.0 = Debug|Any CPU
		{D5CC4D66-334D-4B42-A725-D26B8785C925}.Release|Any CPU.ActiveCfg = Release|Any CPU
		{D5CC4D66-334D-4B42-A725-D26B8785C925}.Release|Any CPU.Build.0 = Release|Any CPU
	EndGlobalSection
	GlobalSection(SolutionProperties) = preSolution
		HideSolutionNode = FALSE
	EndGlobalSection
	GlobalSection(ExtensibilityGlobals) = postSolution
		SolutionGuid = {83E4845D-714B-4E52-9A79-C3CA49533F0C}
	EndGlobalSection
EndGlobal
